
Microsoft Visual Studio Solution File, Format Version 12.00
# Visual Studio 14
VisualStudioVersion = 14.0.25420.1
MinimumVisualStudioVersion = 10.0.40219.1
Project("{FAE04EC0-301F-11D3-BF4B-00C04F79EFBC}") = "BaiTap", "BaiTap\BaiTap.csproj", "{CC5C60F9-9BB6-4F97-87E3-AE1465E381BB}"
EndProject
Global
	GlobalSection(SolutionConfigurationPlatforms) = preSolution
		Debug|Any CPU = Debug|Any CPU
		Release|Any CPU = Release|Any CPU
	EndGlobalSection
	GlobalSection(ProjectConfigurationPlatforms) = postSolution
		{CC5C60F9-9BB6-4F97-87E3-AE1465E381BB}.Debug|Any CPU.ActiveCfg = Debug|Any CPU
		{CC5C60F9-9BB6-4F97-87E3-AE1465E381BB}.Debug|Any CPU.Build.0 = Debug|Any CPU
		{CC5C60F9-9BB6-4F97-87E3-AE1465E381BB}.Release|Any CPU.ActiveCfg = Release|Any CPU
		{CC5C60F9-9BB6-4F97-87E3-AE1465E381BB}.Release|Any CPU.Build.0 = Release|Any CPU
	EndGlobalSection
	GlobalSection(SolutionProperties) = preSolution
		HideSolutionNode = FALSE
	EndGlobalSection
EndGlobal
